
Microsoft Visual Studio Solution File, Format Version 12.00
# Visual Studio Version 16
VisualStudioVersion = 16.0.32630.194
MinimumVisualStudioVersion = 10.0.40219.1
Project("{FAE04EC0-301F-11D3-BF4B-00C04F79EFBC}") = "VendingMachine_SaiAnudeep", "VendingMachine_SaiAnudeep\VendingMachine_SaiAnudeep.csproj", "{CF43A02B-2347-43DA-96F0-FC3D8E022087}"
EndProject
Global
	GlobalSection(SolutionConfigurationPlatforms) = preSolution
		Debug|Any CPU = Debug|Any CPU
		Release|Any CPU = Release|Any CPU
	EndGlobalSection
	GlobalSection(ProjectConfigurationPlatforms) = postSolution
		{CF43A02B-2347-43DA-96F0-FC3D8E022087}.Debug|Any CPU.ActiveCfg = Debug|Any CPU
		{CF43A02B-2347-43DA-96F0-FC3D8E022087}.Debug|Any CPU.Build.0 = Debug|Any CPU
		{CF43A02B-2347-43DA-96F0-FC3D8E022087}.Release|Any CPU.ActiveCfg = Release|Any CPU
		{CF43A02B-2347-43DA-96F0-FC3D8E022087}.Release|Any CPU.Build.0 = Release|Any CPU
	EndGlobalSection
	GlobalSection(SolutionProperties) = preSolution
		HideSolutionNode = FALSE
	EndGlobalSection
	GlobalSection(ExtensibilityGlobals) = postSolution
		SolutionGuid = {23A868A4-182F-48C3-9BC4-9E6278E1817D}
	EndGlobalSection
EndGlobal
